// !$*UTF8*$!
{
	archiveVersion = 1;
	classes = {
	};
	objectVersion = 55;
	objects = {

/* Begin PBXBuildFile section */
		18C645D0295B203400AE8ED1 /* AppDelegate.swift in Sources */ = {isa = PBXBuildFile; fileRef = 18C645CF295B203400AE8ED1 /* AppDelegate.swift */; };
		18C645D2295B203400AE8ED1 /* SceneDelegate.swift in Sources */ = {isa = PBXBuildFile; fileRef = 18C645D1295B203400AE8ED1 /* SceneDelegate.swift */; };
		18C645D4295B203400AE8ED1 /* ViewController.swift in Sources */ = {isa = PBXBuildFile; fileRef = 18C645D3295B203400AE8ED1 /* ViewController.swift */; };
		18C645D7295B203400AE8ED1 /* Main.storyboard in Resources */ = {isa = PBXBuildFile; fileRef = 18C645D5295B203400AE8ED1 /* Main.storyboard */; };
		18C645DA295B203400AE8ED1 /* MovieCatalogue.xcdatamodeld in Sources */ = {isa = PBXBuildFile; fileRef = 18C645D8295B203400AE8ED1 /* MovieCatalogue.xcdatamodeld */; };
		18C645DC295B203C00AE8ED1 /* Assets.xcassets in Resources */ = {isa = PBXBuildFile; fileRef = 18C645DB295B203C00AE8ED1 /* Assets.xcassets */; };
		18C645DF295B203C00AE8ED1 /* LaunchScreen.storyboard in Resources */ = {isa = PBXBuildFile; fileRef = 18C645DD295B203C00AE8ED1 /* LaunchScreen.storyboard */; };
		18C645EA295B203C00AE8ED1 /* MovieCatalogueTests.swift in Sources */ = {isa = PBXBuildFile; fileRef = 18C645E9295B203C00AE8ED1 /* MovieCatalogueTests.swift */; };
		18C645F4295B203C00AE8ED1 /* MovieCatalogueUITests.swift in Sources */ = {isa = PBXBuildFile; fileRef = 18C645F3295B203C00AE8ED1 /* MovieCatalogueUITests.swift */; };
		18C645F6295B203C00AE8ED1 /* MovieCatalogueUITestsLaunchTests.swift in Sources */ = {isa = PBXBuildFile; fileRef = 18C645F5295B203C00AE8ED1 /* MovieCatalogueUITestsLaunchTests.swift */; };
		1F0584F5DA37D1E77A4A65EA /* Pods_MovieCatalogueTests.framework in Frameworks */ = {isa = PBXBuildFile; fileRef = AEC1FB6E8F6616ADF7BCBF80 /* Pods_MovieCatalogueTests.framework */; };
		28EFBB1BC88C32DDD64782EA /* Pods_MovieCatalogue_MovieCatalogueUITests.framework in Frameworks */ = {isa = PBXBuildFile; fileRef = E70CD89E3D8A45C475C6DE38 /* Pods_MovieCatalogue_MovieCatalogueUITests.framework */; };
		F413EA8A09425A66EF3173E2 /* Pods_MovieCatalogue.framework in Frameworks */ = {isa = PBXBuildFile; fileRef = 13A2F52165167CD4C9F5B656 /* Pods_MovieCatalogue.framework */; };
/* End PBXBuildFile section */

/* Begin PBXContainerItemProxy section */
		18C645E6295B203C00AE8ED1 /* PBXContainerItemProxy */ = {
			isa = PBXContainerItemProxy;
			containerPortal = 18C645C4295B203400AE8ED1 /* Project object */;
			proxyType = 1;
			remoteGlobalIDString = 18C645CB295B203400AE8ED1;
			remoteInfo = MovieCatalogue;
		};
		18C645F0295B203C00AE8ED1 /* PBXContainerItemProxy */ = {
			isa = PBXContainerItemProxy;
			containerPortal = 18C645C4295B203400AE8ED1 /* Project object */;
			proxyType = 1;
			remoteGlobalIDString = 18C645CB295B203400AE8ED1;
			remoteInfo = MovieCatalogue;
		};
/* End PBXContainerItemProxy section */

/* Begin PBXFileReference section */
		13A2F52165167CD4C9F5B656 /* Pods_MovieCatalogue.framework */ = {isa = PBXFileReference; explicitFileType = wrapper.framework; includeInIndex = 0; path = Pods_MovieCatalogue.framework; sourceTree = BUILT_PRODUCTS_DIR; };
		18C645CC295B203400AE8ED1 /* MovieCatalogue.app */ = {isa = PBXFileReference; explicitFileType = wrapper.application; includeInIndex = 0; path = MovieCatalogue.app; sourceTree = BUILT_PRODUCTS_DIR; };
		18C645CF295B203400AE8ED1 /* AppDelegate.swift */ = {isa = PBXFileReference; lastKnownFileType = sourcecode.swift; path = AppDelegate.swift; sourceTree = "<group>"; };
		18C645D1295B203400AE8ED1 /* SceneDelegate.swift */ = {isa = PBXFileReference; lastKnownFileType = sourcecode.swift; path = SceneDelegate.swift; sourceTree = "<group>"; };
		18C645D3295B203400AE8ED1 /* ViewController.swift */ = {isa = PBXFileReference; lastKnownFileType = sourcecode.swift; path = ViewController.swift; sourceTree = "<group>"; };
		18C645D6295B203400AE8ED1 /* Base */ = {isa = PBXFileReference; lastKnownFileType = file.storyboard; name = Base; path = Base.lproj/Main.storyboard; sourceTree = "<group>"; };
		18C645D9295B203400AE8ED1 /* MovieCatalogue.xcdatamodel */ = {isa = PBXFileReference; lastKnownFileType = wrapper.xcdatamodel; path = MovieCatalogue.xcdatamodel; sourceTree = "<group>"; };
		18C645DB295B203C00AE8ED1 /* Assets.xcassets */ = {isa = PBXFileReference; lastKnownFileType = folder.assetcatalog; path = Assets.xcassets; sourceTree = "<group>"; };
		18C645DE295B203C00AE8ED1 /* Base */ = {isa = PBXFileReference; lastKnownFileType = file.storyboard; name = Base; path = Base.lproj/LaunchScreen.storyboard; sourceTree = "<group>"; };
		18C645E0295B203C00AE8ED1 /* Info.plist */ = {isa = PBXFileReference; lastKnownFileType = text.plist.xml; path = Info.plist; sourceTree = "<group>"; };
		18C645E5295B203C00AE8ED1 /* MovieCatalogueTests.xctest */ = {isa = PBXFileReference; explicitFileType = wrapper.cfbundle; includeInIndex = 0; path = MovieCatalogueTests.xctest; sourceTree = BUILT_PRODUCTS_DIR; };
		18C645E9295B203C00AE8ED1 /* MovieCatalogueTests.swift */ = {isa = PBXFileReference; lastKnownFileType = sourcecode.swift; path = MovieCatalogueTests.swift; sourceTree = "<group>"; };
		18C645EF295B203C00AE8ED1 /* MovieCatalogueUITests.xctest */ = {isa = PBXFileReference; explicitFileType = wrapper.cfbundle; includeInIndex = 0; path = MovieCatalogueUITests.xctest; sourceTree = BUILT_PRODUCTS_DIR; };
		18C645F3295B203C00AE8ED1 /* MovieCatalogueUITests.swift */ = {isa = PBXFileReference; lastKnownFileType = sourcecode.swift; path = MovieCatalogueUITests.swift; sourceTree = "<group>"; };
		18C645F5295B203C00AE8ED1 /* MovieCatalogueUITestsLaunchTests.swift */ = {isa = PBXFileReference; lastKnownFileType = sourcecode.swift; path = MovieCatalogueUITestsLaunchTests.swift; sourceTree = "<group>"; };
		37EB9DD050FFE1EFCF452D67 /* Pods-MovieCatalogueTests.release.xcconfig */ = {isa = PBXFileReference; includeInIndex = 1; lastKnownFileType = text.xcconfig; name = "Pods-MovieCatalogueTests.release.xcconfig"; path = "Target Support Files/Pods-MovieCatalogueTests/Pods-MovieCatalogueTests.release.xcconfig"; sourceTree = "<group>"; };
		48D2D01F898795D81D892409 /* Pods-MovieCatalogue.debug.xcconfig */ = {isa = PBXFileReference; includeInIndex = 1; lastKnownFileType = text.xcconfig; name = "Pods-MovieCatalogue.debug.xcconfig"; path = "Target Support Files/Pods-MovieCatalogue/Pods-MovieCatalogue.debug.xcconfig"; sourceTree = "<group>"; };
		6B2322983B9AEAA4F8F61872 /* Pods-MovieCatalogue.release.xcconfig */ = {isa = PBXFileReference; includeInIndex = 1; lastKnownFileType = text.xcconfig; name = "Pods-MovieCatalogue.release.xcconfig"; path = "Target Support Files/Pods-MovieCatalogue/Pods-MovieCatalogue.release.xcconfig"; sourceTree = "<group>"; };
		A317544306696ED0858B2DB2 /* Pods-MovieCatalogue-MovieCatalogueUITests.debug.xcconfig */ = {isa = PBXFileReference; includeInIndex = 1; lastKnownFileType = text.xcconfig; name = "Pods-MovieCatalogue-MovieCatalogueUITests.debug.xcconfig"; path = "Target Support Files/Pods-MovieCatalogue-MovieCatalogueUITests/Pods-MovieCatalogue-MovieCatalogueUITests.debug.xcconfig"; sourceTree = "<group>"; };
		A76FA7CE3DC11B1BF5DAAC8E /* Pods-MovieCatalogueTests.debug.xcconfig */ = {isa = PBXFileReference; includeInIndex = 1; lastKnownFileType = text.xcconfig; name = "Pods-MovieCatalogueTests.debug.xcconfig"; path = "Target Support Files/Pods-MovieCatalogueTests/Pods-MovieCatalogueTests.debug.xcconfig"; sourceTree = "<group>"; };
		AEC1FB6E8F6616ADF7BCBF80 /* Pods_MovieCatalogueTests.framework */ = {isa = PBXFileReference; explicitFileType = wrapper.framework; includeInIndex = 0; path = Pods_MovieCatalogueTests.framework; sourceTree = BUILT_PRODUCTS_DIR; };
		DE85E9ABB0C796C498A1247D /* Pods-MovieCatalogue-MovieCatalogueUITests.release.xcconfig */ = {isa = PBXFileReference; includeInIndex = 1; lastKnownFileType = text.xcconfig; name = "Pods-MovieCatalogue-MovieCatalogueUITests.release.xcconfig"; path = "Target Support Files/Pods-MovieCatalogue-MovieCatalogueUITests/Pods-MovieCatalogue-MovieCatalogueUITests.release.xcconfig"; sourceTree = "<group>"; };
		E70CD89E3D8A45C475C6DE38 /* Pods_MovieCatalogue_MovieCatalogueUITests.framework */ = {isa = PBXFileReference; explicitFileType = wrapper.framework; includeInIndex = 0; path = Pods_MovieCatalogue_MovieCatalogueUITests.framework; sourceTree = BUILT_PRODUCTS_DIR; };
/* End PBXFileReference section */

/* Begin PBXFrameworksBuildPhase section */
		18C645C9295B203400AE8ED1 /* Frameworks */ = {
			isa = PBXFrameworksBuildPhase;
			buildActionMask = 2147483647;
			files = (
				F413EA8A09425A66EF3173E2 /* Pods_MovieCatalogue.framework in Frameworks */,
			);
			runOnlyForDeploymentPostprocessing = 0;
		};
		18C645E2295B203C00AE8ED1 /* Frameworks */ = {
			isa = PBXFrameworksBuildPhase;
			buildActionMask = 2147483647;
			files = (
				1F0584F5DA37D1E77A4A65EA /* Pods_MovieCatalogueTests.framework in Frameworks */,
			);
			runOnlyForDeploymentPostprocessing = 0;
		};
		18C645EC295B203C00AE8ED1 /* Frameworks */ = {
			isa = PBXFrameworksBuildPhase;
			buildActionMask = 2147483647;
			files = (
				28EFBB1BC88C32DDD64782EA /* Pods_MovieCatalogue_MovieCatalogueUITests.framework in Frameworks */,
			);
			runOnlyForDeploymentPostprocessing = 0;
		};
/* End PBXFrameworksBuildPhase section */

/* Begin PBXGroup section */
		18C645C3295B203400AE8ED1 = {
			isa = PBXGroup;
			children = (
				18C645CE295B203400AE8ED1 /* MovieCatalogue */,
				18C645E8295B203C00AE8ED1 /* MovieCatalogueTests */,
				18C645F2295B203C00AE8ED1 /* MovieCatalogueUITests */,
				18C645CD295B203400AE8ED1 /* Products */,
				CD29C306F90D5CF88E3D36AF /* Pods */,
				80802E790C78F62D870A926E /* Frameworks */,
			);
			sourceTree = "<group>";
		};
		18C645CD295B203400AE8ED1 /* Products */ = {
			isa = PBXGroup;
			children = (
				18C645CC295B203400AE8ED1 /* MovieCatalogue.app */,
				18C645E5295B203C00AE8ED1 /* MovieCatalogueTests.xctest */,
				18C645EF295B203C00AE8ED1 /* MovieCatalogueUITests.xctest */,
			);
			name = Products;
			sourceTree = "<group>";
		};
		18C645CE295B203400AE8ED1 /* MovieCatalogue */ = {
			isa = PBXGroup;
			children = (
				18C645CF295B203400AE8ED1 /* AppDelegate.swift */,
				18C645D1295B203400AE8ED1 /* SceneDelegate.swift */,
				18C645D3295B203400AE8ED1 /* ViewController.swift */,
				18C645D5295B203400AE8ED1 /* Main.storyboard */,
				18C645DB295B203C00AE8ED1 /* Assets.xcassets */,
				18C645DD295B203C00AE8ED1 /* LaunchScreen.storyboard */,
				18C645E0295B203C00AE8ED1 /* Info.plist */,
				18C645D8295B203400AE8ED1 /* MovieCatalogue.xcdatamodeld */,
			);
			path = MovieCatalogue;
			sourceTree = "<group>";
		};
		18C645E8295B203C00AE8ED1 /* MovieCatalogueTests */ = {
			isa = PBXGroup;
			children = (
				18C645E9295B203C00AE8ED1 /* MovieCatalogueTests.swift */,
			);
			path = MovieCatalogueTests;
			sourceTree = "<group>";
		};
		18C645F2295B203C00AE8ED1 /* MovieCatalogueUITests */ = {
			isa = PBXGroup;
			children = (
				18C645F3295B203C00AE8ED1 /* MovieCatalogueUITests.swift */,
				18C645F5295B203C00AE8ED1 /* MovieCatalogueUITestsLaunchTests.swift */,
			);
			path = MovieCatalogueUITests;
			sourceTree = "<group>";
		};
		80802E790C78F62D870A926E /* Frameworks */ = {
			isa = PBXGroup;
			children = (
				13A2F52165167CD4C9F5B656 /* Pods_MovieCatalogue.framework */,
				E70CD89E3D8A45C475C6DE38 /* Pods_MovieCatalogue_MovieCatalogueUITests.framework */,
				AEC1FB6E8F6616ADF7BCBF80 /* Pods_MovieCatalogueTests.framework */,
			);
			name = Frameworks;
			sourceTree = "<group>";
		};
		CD29C306F90D5CF88E3D36AF /* Pods */ = {
			isa = PBXGroup;
			children = (
				48D2D01F898795D81D892409 /* Pods-MovieCatalogue.debug.xcconfig */,
				6B2322983B9AEAA4F8F61872 /* Pods-MovieCatalogue.release.xcconfig */,
				A317544306696ED0858B2DB2 /* Pods-MovieCatalogue-MovieCatalogueUITests.debug.xcconfig */,
				DE85E9ABB0C796C498A1247D /* Pods-MovieCatalogue-MovieCatalogueUITests.release.xcconfig */,
				A76FA7CE3DC11B1BF5DAAC8E /* Pods-MovieCatalogueTests.debug.xcconfig */,
				37EB9DD050FFE1EFCF452D67 /* Pods-MovieCatalogueTests.release.xcconfig */,
			);
			name = Pods;
			path = Pods;
			sourceTree = "<group>";
		};
/* End PBXGroup section */

/* Begin PBXNativeTarget section */
		18C645CB295B203400AE8ED1 /* MovieCatalogue */ = {
			isa = PBXNativeTarget;
			buildConfigurationList = 18C645F9295B203C00AE8ED1 /* Build configuration list for PBXNativeTarget "MovieCatalogue" */;
			buildPhases = (
				71671B76DE6589E720AC6C50 /* [CP] Check Pods Manifest.lock */,
				18C645C8295B203400AE8ED1 /* Sources */,
				18C645C9295B203400AE8ED1 /* Frameworks */,
				18C645CA295B203400AE8ED1 /* Resources */,
				980414FB83AE25D5F67D833B /* [CP] Embed Pods Frameworks */,
			);
			buildRules = (
			);
			dependencies = (
			);
			name = MovieCatalogue;
			productName = MovieCatalogue;
			productReference = 18C645CC295B203400AE8ED1 /* MovieCatalogue.app */;
			productType = "com.apple.product-type.application";
		};
		18C645E4295B203C00AE8ED1 /* MovieCatalogueTests */ = {
			isa = PBXNativeTarget;
			buildConfigurationList = 18C645FC295B203C00AE8ED1 /* Build configuration list for PBXNativeTarget "MovieCatalogueTests" */;
			buildPhases = (
				7C949BD80B2366918F20E533 /* [CP] Check Pods Manifest.lock */,
				18C645E1295B203C00AE8ED1 /* Sources */,
				18C645E2295B203C00AE8ED1 /* Frameworks */,
				18C645E3295B203C00AE8ED1 /* Resources */,
			);
			buildRules = (
			);
			dependencies = (
				18C645E7295B203C00AE8ED1 /* PBXTargetDependency */,
			);
			name = MovieCatalogueTests;
			productName = MovieCatalogueTests;
			productReference = 18C645E5295B203C00AE8ED1 /* MovieCatalogueTests.xctest */;
			productType = "com.apple.product-type.bundle.unit-test";
		};
		18C645EE295B203C00AE8ED1 /* MovieCatalogueUITests */ = {
			isa = PBXNativeTarget;
			buildConfigurationList = 18C645FF295B203C00AE8ED1 /* Build configuration list for PBXNativeTarget "MovieCatalogueUITests" */;
			buildPhases = (
				8D0A709111B6A09F53D86FD5 /* [CP] Check Pods Manifest.lock */,
				18C645EB295B203C00AE8ED1 /* Sources */,
				18C645EC295B203C00AE8ED1 /* Frameworks */,
				18C645ED295B203C00AE8ED1 /* Resources */,
				79A8FBC14005D4B4C590F7F4 /* [CP] Embed Pods Frameworks */,
			);
			buildRules = (
			);
			dependencies = (
				18C645F1295B203C00AE8ED1 /* PBXTargetDependency */,
			);
			name = MovieCatalogueUITests;
			productName = MovieCatalogueUITests;
			productReference = 18C645EF295B203C00AE8ED1 /* MovieCatalogueUITests.xctest */;
			productType = "com.apple.product-type.bundle.ui-testing";
		};
/* End PBXNativeTarget section */

/* Begin PBXProject section */
		18C645C4295B203400AE8ED1 /* Project object */ = {
			isa = PBXProject;
			attributes = {
				BuildIndependentTargetsInParallel = 1;
				LastSwiftUpdateCheck = 1320;
				LastUpgradeCheck = 1320;
				TargetAttributes = {
					18C645CB295B203400AE8ED1 = {
						CreatedOnToolsVersion = 13.2.1;
					};
					18C645E4295B203C00AE8ED1 = {
						CreatedOnToolsVersion = 13.2.1;
						TestTargetID = 18C645CB295B203400AE8ED1;
					};
					18C645EE295B203C00AE8ED1 = {
						CreatedOnToolsVersion = 13.2.1;
						TestTargetID = 18C645CB295B203400AE8ED1;
					};
				};
			};
			buildConfigurationList = 18C645C7295B203400AE8ED1 /* Build configuration list for PBXProject "MovieCatalogue" */;
			compatibilityVersion = "Xcode 13.0";
			developmentRegion = en;
			hasScannedForEncodings = 0;
			knownRegions = (
				en,
				Base,
			);
			mainGroup = 18C645C3295B203400AE8ED1;
			productRefGroup = 18C645CD295B203400AE8ED1 /* Products */;
			projectDirPath = "";
			projectRoot = "";
			targets = (
				18C645CB295B203400AE8ED1 /* MovieCatalogue */,
				18C645E4295B203C00AE8ED1 /* MovieCatalogueTests */,
				18C645EE295B203C00AE8ED1 /* MovieCatalogueUITests */,
			);
		};
/* End PBXProject section */

/* Begin PBXResourcesBuildPhase section */
		18C645CA295B203400AE8ED1 /* Resources */ = {
			isa = PBXResourcesBuildPhase;
			buildActionMask = 2147483647;
			files = (
				18C645DF295B203C00AE8ED1 /* LaunchScreen.storyboard in Resources */,
				18C645DC295B203C00AE8ED1 /* Assets.xcassets in Resources */,
				18C645D7295B203400AE8ED1 /* Main.storyboard in Resources */,
			);
			runOnlyForDeploymentPostprocessing = 0;
		};
		18C645E3295B203C00AE8ED1 /* Resources */ = {
			isa = PBXResourcesBuildPhase;
			buildActionMask = 2147483647;
			files = (
			);
			runOnlyForDeploymentPostprocessing = 0;
		};
		18C645ED295B203C00AE8ED1 /* Resources */ = {
			isa = PBXResourcesBuildPhase;
			buildActionMask = 2147483647;
			files = (
			);
			runOnlyForDeploymentPostprocessing = 0;
		};
/* End PBXResourcesBuildPhase section */

/* Begin PBXShellScriptBuildPhase section */
		71671B76DE6589E720AC6C50 /* [CP] Check Pods Manifest.lock */ = {
			isa = PBXShellScriptBuildPhase;
			buildActionMask = 2147483647;
			files = (
			);
			inputFileListPaths = (
			);
			inputPaths = (
				"${PODS_PODFILE_DIR_PATH}/Podfile.lock",
				"${PODS_ROOT}/Manifest.lock",
			);
			name = "[CP] Check Pods Manifest.lock";
			outputFileListPaths = (
			);
			outputPaths = (
				"$(DERIVED_FILE_DIR)/Pods-MovieCatalogue-checkManifestLockResult.txt",
			);
			runOnlyForDeploymentPostprocessing = 0;
			shellPath = /bin/sh;
			shellScript = "diff \"${PODS_PODFILE_DIR_PATH}/Podfile.lock\" \"${PODS_ROOT}/Manifest.lock\" > /dev/null\nif [ $? != 0 ] ; then\n    # print error to STDERR\n    echo \"error: The sandbox is not in sync with the Podfile.lock. Run 'pod install' or update your CocoaPods installation.\" >&2\n    exit 1\nfi\n# This output is used by Xcode 'outputs' to avoid re-running this script phase.\necho \"SUCCESS\" > \"${SCRIPT_OUTPUT_FILE_0}\"\n";
			showEnvVarsInLog = 0;
		};
		79A8FBC14005D4B4C590F7F4 /* [CP] Embed Pods Frameworks */ = {
			isa = PBXShellScriptBuildPhase;
			buildActionMask = 2147483647;
			files = (
			);
			inputFileListPaths = (
				"${PODS_ROOT}/Target Support Files/Pods-MovieCatalogue-MovieCatalogueUITests/Pods-MovieCatalogue-MovieCatalogueUITests-frameworks-${CONFIGURATION}-input-files.xcfilelist",
			);
			name = "[CP] Embed Pods Frameworks";
			outputFileListPaths = (
				"${PODS_ROOT}/Target Support Files/Pods-MovieCatalogue-MovieCatalogueUITests/Pods-MovieCatalogue-MovieCatalogueUITests-frameworks-${CONFIGURATION}-output-files.xcfilelist",
			);
			runOnlyForDeploymentPostprocessing = 0;
			shellPath = /bin/sh;
			shellScript = "\"${PODS_ROOT}/Target Support Files/Pods-MovieCatalogue-MovieCatalogueUITests/Pods-MovieCatalogue-MovieCatalogueUITests-frameworks.sh\"\n";
			showEnvVarsInLog = 0;
		};
		7C949BD80B2366918F20E533 /* [CP] Check Pods Manifest.lock */ = {
			isa = PBXShellScriptBuildPhase;
			buildActionMask = 2147483647;
			files = (
			);
			inputFileListPaths = (
			);
			inputPaths = (
				"${PODS_PODFILE_DIR_PATH}/Podfile.lock",
				"${PODS_ROOT}/Manifest.lock",
			);
			name = "[CP] Check Pods Manifest.lock";
			outputFileListPaths = (
			);
			outputPaths = (
				"$(DERIVED_FILE_DIR)/Pods-MovieCatalogueTests-checkManifestLockResult.txt",
			);
			runOnlyForDeploymentPostprocessing = 0;
			shellPath = /bin/sh;
			shellScript = "diff \"${PODS_PODFILE_DIR_PATH}/Podfile.lock\" \"${PODS_ROOT}/Manifest.lock\" > /dev/null\nif [ $? != 0 ] ; then\n    # print error to STDERR\n    echo \"error: The sandbox is not in sync with the Podfile.lock. Run 'pod install' or update your CocoaPods installation.\" >&2\n    exit 1\nfi\n# This output is used by Xcode 'outputs' to avoid re-running this script phase.\necho \"SUCCESS\" > \"${SCRIPT_OUTPUT_FILE_0}\"\n";
			showEnvVarsInLog = 0;
		};
		8D0A709111B6A09F53D86FD5 /* [CP] Check Pods Manifest.lock */ = {
			isa = PBXShellScriptBuildPhase;
			buildActionMask = 2147483647;
			files = (
			);
			inputFileListPaths = (
			);
			inputPaths = (
				"${PODS_PODFILE_DIR_PATH}/Podfile.lock",
				"${PODS_ROOT}/Manifest.lock",
			);
			name = "[CP] Check Pods Manifest.lock";
			outputFileListPaths = (
			);
			outputPaths = (
				"$(DERIVED_FILE_DIR)/Pods-MovieCatalogue-MovieCatalogueUITests-checkManifestLockResult.txt",
			);
			runOnlyForDeploymentPostprocessing = 0;
			shellPath = /bin/sh;
			shellScript = "diff \"${PODS_PODFILE_DIR_PATH}/Podfile.lock\" \"${PODS_ROOT}/Manifest.lock\" > /dev/null\nif [ $? != 0 ] ; then\n    # print error to STDERR\n    echo \"error: The sandbox is not in sync with the Podfile.lock. Run 'pod install' or update your CocoaPods installation.\" >&2\n    exit 1\nfi\n# This output is used by Xcode 'outputs' to avoid re-running this script phase.\necho \"SUCCESS\" > \"${SCRIPT_OUTPUT_FILE_0}\"\n";
			showEnvVarsInLog = 0;
		};
		980414FB83AE25D5F67D833B /* [CP] Embed Pods Frameworks */ = {
			isa = PBXShellScriptBuildPhase;
			buildActionMask = 2147483647;
			files = (
			);
			inputFileListPaths = (
				"${PODS_ROOT}/Target Support Files/Pods-MovieCatalogue/Pods-MovieCatalogue-frameworks-${CONFIGURATION}-input-files.xcfilelist",
			);
			name = "[CP] Embed Pods Frameworks";
			outputFileListPaths = (
				"${PODS_ROOT}/Target Support Files/Pods-MovieCatalogue/Pods-MovieCatalogue-frameworks-${CONFIGURATION}-output-files.xcfilelist",
			);
			runOnlyForDeploymentPostprocessing = 0;
			shellPath = /bin/sh;
			shellScript = "\"${PODS_ROOT}/Target Support Files/Pods-MovieCatalogue/Pods-MovieCatalogue-frameworks.sh\"\n";
			showEnvVarsInLog = 0;
		};
/* End PBXShellScriptBuildPhase section */

/* Begin PBXSourcesBuildPhase section */
		18C645C8295B203400AE8ED1 /* Sources */ = {
			isa = PBXSourcesBuildPhase;
			buildActionMask = 2147483647;
			files = (
				18C645DA295B203400AE8ED1 /* MovieCatalogue.xcdatamodeld in Sources */,
				18C645D4295B203400AE8ED1 /* ViewController.swift in Sources */,
				18C645D0295B203400AE8ED1 /* AppDelegate.swift in Sources */,
				18C645D2295B203400AE8ED1 /* SceneDelegate.swift in Sources */,
			);
			runOnlyForDeploymentPostprocessing = 0;
		};
		18C645E1295B203C00AE8ED1 /* Sources */ = {
			isa = PBXSourcesBuildPhase;
			buildActionMask = 2147483647;
			files = (
				18C645EA295B203C00AE8ED1 /* MovieCatalogueTests.swift in Sources */,
			);
			runOnlyForDeploymentPostprocessing = 0;
		};
		18C645EB295B203C00AE8ED1 /* Sources */ = {
			isa = PBXSourcesBuildPhase;
			buildActionMask = 2147483647;
			files = (
				18C645F4295B203C00AE8ED1 /* MovieCatalogueUITests.swift in Sources */,
				18C645F6295B203C00AE8ED1 /* MovieCatalogueUITestsLaunchTests.swift in Sources */,
			);
			runOnlyForDeploymentPostprocessing = 0;
		};
/* End PBXSourcesBuildPhase section */

/* Begin PBXTargetDependency section */
		18C645E7295B203C00AE8ED1 /* PBXTargetDependency */ = {
			isa = PBXTargetDependency;
			target = 18C645CB295B203400AE8ED1 /* MovieCatalogue */;
			targetProxy = 18C645E6295B203C00AE8ED1 /* PBXContainerItemProxy */;
		};
		18C645F1295B203C00AE8ED1 /* PBXTargetDependency */ = {
			isa = PBXTargetDependency;
			target = 18C645CB295B203400AE8ED1 /* MovieCatalogue */;
			targetProxy = 18C645F0295B203C00AE8ED1 /* PBXContainerItemProxy */;
		};
/* End PBXTargetDependency section */

/* Begin PBXVariantGroup section */
		18C645D5295B203400AE8ED1 /* Main.storyboard */ = {
			isa = PBXVariantGroup;
			children = (
				18C645D6295B203400AE8ED1 /* Base */,
			);
			name = Main.storyboard;
			sourceTree = "<group>";
		};
		18C645DD295B203C00AE8ED1 /* LaunchScreen.storyboard */ = {
			isa = PBXVariantGroup;
			children = (
				18C645DE295B203C00AE8ED1 /* Base */,
			);
			name = LaunchScreen.storyboard;
			sourceTree = "<group>";
		};
/* End PBXVariantGroup section */

/* Begin XCBuildConfiguration section */
		18C645F7295B203C00AE8ED1 /* Debug */ = {
			isa = XCBuildConfiguration;
			buildSettings = {
				ALWAYS_SEARCH_USER_PATHS = NO;
				CLANG_ANALYZER_NONNULL = YES;
				CLANG_ANALYZER_NUMBER_OBJECT_CONVERSION = YES_AGGRESSIVE;
				CLANG_CXX_LANGUAGE_STANDARD = "gnu++17";
				CLANG_CXX_LIBRARY = "libc++";
				CLANG_ENABLE_MODULES = YES;
				CLANG_ENABLE_OBJC_ARC = YES;
				CLANG_ENABLE_OBJC_WEAK = YES;
				CLANG_WARN_BLOCK_CAPTURE_AUTORELEASING = YES;
				CLANG_WARN_BOOL_CONVERSION = YES;
				CLANG_WARN_COMMA = YES;
				CLANG_WARN_CONSTANT_CONVERSION = YES;
				CLANG_WARN_DEPRECATED_OBJC_IMPLEMENTATIONS = YES;
				CLANG_WARN_DIRECT_OBJC_ISA_USAGE = YES_ERROR;
				CLANG_WARN_DOCUMENTATION_COMMENTS = YES;
				CLANG_WARN_EMPTY_BODY = YES;
				CLANG_WARN_ENUM_CONVERSION = YES;
				CLANG_WARN_INFINITE_RECURSION = YES;
				CLANG_WARN_INT_CONVERSION = YES;
				CLANG_WARN_NON_LITERAL_NULL_CONVERSION = YES;
				CLANG_WARN_OBJC_IMPLICIT_RETAIN_SELF = YES;
				CLANG_WARN_OBJC_LITERAL_CONVERSION = YES;
				CLANG_WARN_OBJC_ROOT_CLASS = YES_ERROR;
				CLANG_WARN_QUOTED_INCLUDE_IN_FRAMEWORK_HEADER = YES;
				CLANG_WARN_RANGE_LOOP_ANALYSIS = YES;
				CLANG_WARN_STRICT_PROTOTYPES = YES;
				CLANG_WARN_SUSPICIOUS_MOVE = YES;
				CLANG_WARN_UNGUARDED_AVAILABILITY = YES_AGGRESSIVE;
				CLANG_WARN_UNREACHABLE_CODE = YES;
				CLANG_WARN__DUPLICATE_METHOD_MATCH = YES;
				COPY_PHASE_STRIP = NO;
				DEBUG_INFORMATION_FORMAT = dwarf;
				ENABLE_STRICT_OBJC_MSGSEND = YES;
				ENABLE_TESTABILITY = YES;
				GCC_C_LANGUAGE_STANDARD = gnu11;
				GCC_DYNAMIC_NO_PIC = NO;
				GCC_NO_COMMON_BLOCKS = YES;
				GCC_OPTIMIZATION_LEVEL = 0;
				GCC_PREPROCESSOR_DEFINITIONS = (
					"DEBUG=1",
					"$(inherited)",
				);
				GCC_WARN_64_TO_32_BIT_CONVERSION = YES;
				GCC_WARN_ABOUT_RETURN_TYPE = YES_ERROR;
				GCC_WARN_UNDECLARED_SELECTOR = YES;
				GCC_WARN_UNINITIALIZED_AUTOS = YES_AGGRESSIVE;
				GCC_WARN_UNUSED_FUNCTION = YES;
				GCC_WARN_UNUSED_VARIABLE = YES;
				IPHONEOS_DEPLOYMENT_TARGET = 15.2;
				MTL_ENABLE_DEBUG_INFO = INCLUDE_SOURCE;
				MTL_FAST_MATH = YES;
				ONLY_ACTIVE_ARCH = YES;
				SDKROOT = iphoneos;
				SWIFT_ACTIVE_COMPILATION_CONDITIONS = DEBUG;
				SWIFT_OPTIMIZATION_LEVEL = "-Onone";
			};
			name = Debug;
		};
		18C645F8295B203C00AE8ED1 /* Release */ = {
			isa = XCBuildConfiguration;
			buildSettings = {
				ALWAYS_SEARCH_USER_PATHS = NO;
				CLANG_ANALYZER_NONNULL = YES;
				CLANG_ANALYZER_NUMBER_OBJECT_CONVERSION = YES_AGGRESSIVE;
				CLANG_CXX_LANGUAGE_STANDARD = "gnu++17";
				CLANG_CXX_LIBRARY = "libc++";
				CLANG_ENABLE_MODULES = YES;
				CLANG_ENABLE_OBJC_ARC = YES;
				CLANG_ENABLE_OBJC_WEAK = YES;
				CLANG_WARN_BLOCK_CAPTURE_AUTORELEASING = YES;
				CLANG_WARN_BOOL_CONVERSION = YES;
				CLANG_WARN_COMMA = YES;
				CLANG_WARN_CONSTANT_CONVERSION = YES;
				CLANG_WARN_DEPRECATED_OBJC_IMPLEMENTATIONS = YES;
				CLANG_WARN_DIRECT_OBJC_ISA_USAGE = YES_ERROR;
				CLANG_WARN_DOCUMENTATION_COMMENTS = YES;
				CLANG_WARN_EMPTY_BODY = YES;
				CLANG_WARN_ENUM_CONVERSION = YES;
				CLANG_WARN_INFINITE_RECURSION = YES;
				CLANG_WARN_INT_CONVERSION = YES;
				CLANG_WARN_NON_LITERAL_NULL_CONVERSION = YES;
				CLANG_WARN_OBJC_IMPLICIT_RETAIN_SELF = YES;
				CLANG_WARN_OBJC_LITERAL_CONVERSION = YES;
				CLANG_WARN_OBJC_ROOT_CLASS = YES_ERROR;
				CLANG_WARN_QUOTED_INCLUDE_IN_FRAMEWORK_HEADER = YES;
				CLANG_WARN_RANGE_LOOP_ANALYSIS = YES;
				CLANG_WARN_STRICT_PROTOTYPES = YES;
				CLANG_WARN_SUSPICIOUS_MOVE = YES;
				CLANG_WARN_UNGUARDED_AVAILABILITY = YES_AGGRESSIVE;
				CLANG_WARN_UNREACHABLE_CODE = YES;
				CLANG_WARN__DUPLICATE_METHOD_MATCH = YES;
				COPY_PHASE_STRIP = NO;
				DEBUG_INFORMATION_FORMAT = "dwarf-with-dsym";
				ENABLE_NS_ASSERTIONS = NO;
				ENABLE_STRICT_OBJC_MSGSEND = YES;
				GCC_C_LANGUAGE_STANDARD = gnu11;
				GCC_NO_COMMON_BLOCKS = YES;
				GCC_WARN_64_TO_32_BIT_CONVERSION = YES;
				GCC_WARN_ABOUT_RETURN_TYPE = YES_ERROR;
				GCC_WARN_UNDECLARED_SELECTOR = YES;
				GCC_WARN_UNINITIALIZED_AUTOS = YES_AGGRESSIVE;
				GCC_WARN_UNUSED_FUNCTION = YES;
				GCC_WARN_UNUSED_VARIABLE = YES;
				IPHONEOS_DEPLOYMENT_TARGET = 15.2;
				MTL_ENABLE_DEBUG_INFO = NO;
				MTL_FAST_MATH = YES;
				SDKROOT = iphoneos;
				SWIFT_COMPILATION_MODE = wholemodule;
				SWIFT_OPTIMIZATION_LEVEL = "-O";
				VALIDATE_PRODUCT = YES;
			};
			name = Release;
		};
		18C645FA295B203C00AE8ED1 /* Debug */ = {
			isa = XCBuildConfiguration;
			baseConfigurationReference = 48D2D01F898795D81D892409 /* Pods-MovieCatalogue.debug.xcconfig */;
			buildSettings = {
				ASSETCATALOG_COMPILER_APPICON_NAME = AppIcon;
				ASSETCATALOG_COMPILER_GLOBAL_ACCENT_COLOR_NAME = AccentColor;
				CODE_SIGN_STYLE = Automatic;
				CURRENT_PROJECT_VERSION = 1;
				DEVELOPMENT_TEAM = 94VCVFPVC9;
				GENERATE_INFOPLIST_FILE = YES;
				INFOPLIST_FILE = MovieCatalogue/Info.plist;
				INFOPLIST_KEY_UIApplicationSupportsIndirectInputEvents = YES;
				INFOPLIST_KEY_UILaunchStoryboardName = LaunchScreen;
				INFOPLIST_KEY_UIMainStoryboardFile = Main;
				INFOPLIST_KEY_UISupportedInterfaceOrientations_iPad = "UIInterfaceOrientationPortrait UIInterfaceOrientationPortraitUpsideDown UIInterfaceOrientationLandscapeLeft UIInterfaceOrientationLandscapeRight";
				INFOPLIST_KEY_UISupportedInterfaceOrientations_iPhone = "UIInterfaceOrientationPortrait UIInterfaceOrientationLandscapeLeft UIInterfaceOrientationLandscapeRight";
				LD_RUNPATH_SEARCH_PATHS = (
					"$(inherited)",
					"@executable_path/Frameworks",
				);
				MARKETING_VERSION = 1.0;
				PRODUCT_BUNDLE_IDENTIFIER = com.moviecatalogue.MovieCatalogue;
				PRODUCT_NAME = "$(TARGET_NAME)";
				SWIFT_EMIT_LOC_STRINGS = YES;
				SWIFT_VERSION = 5.0;
				TARGETED_DEVICE_FAMILY = "1,2";
			};
			name = Debug;
		};
		18C645FB295B203C00AE8ED1 /* Release */ = {
			isa = XCBuildConfiguration;
			baseConfigurationReference = 6B2322983B9AEAA4F8F61872 /* Pods-MovieCatalogue.release.xcconfig */;
			buildSettings = {
				ASSETCATALOG_COMPILER_APPICON_NAME = AppIcon;
				ASSETCATALOG_COMPILER_GLOBAL_ACCENT_COLOR_NAME = AccentColor;
				CODE_SIGN_STYLE = Automatic;
				CURRENT_PROJECT_VERSION = 1;
				DEVELOPMENT_TEAM = 94VCVFPVC9;
				GENERATE_INFOPLIST_FILE = YES;
				INFOPLIST_FILE = MovieCatalogue/Info.plist;
				INFOPLIST_KEY_UIApplicationSupportsIndirectInputEvents = YES;
				INFOPLIST_KEY_UILaunchStoryboardName = LaunchScreen;
				INFOPLIST_KEY_UIMainStoryboardFile = Main;
				INFOPLIST_KEY_UISupportedInterfaceOrientations_iPad = "UIInterfaceOrientationPortrait UIInterfaceOrientationPortraitUpsideDown UIInterfaceOrientationLandscapeLeft UIInterfaceOrientationLandscapeRight";
				INFOPLIST_KEY_UISupportedInterfaceOrientations_iPhone = "UIInterfaceOrientationPortrait UIInterfaceOrientationLandscapeLeft UIInterfaceOrientationLandscapeRight";
				LD_RUNPATH_SEARCH_PATHS = (
					"$(inherited)",
					"@executable_path/Frameworks",
				);
				MARKETING_VERSION = 1.0;
				PRODUCT_BUNDLE_IDENTIFIER = com.moviecatalogue.MovieCatalogue;
				PRODUCT_NAME = "$(TARGET_NAME)";
				SWIFT_EMIT_LOC_STRINGS = YES;
				SWIFT_VERSION = 5.0;
				TARGETED_DEVICE_FAMILY = "1,2";
			};
			name = Release;
		};
		18C645FD295B203C00AE8ED1 /* Debug */ = {
			isa = XCBuildConfiguration;
			baseConfigurationReference = A76FA7CE3DC11B1BF5DAAC8E /* Pods-MovieCatalogueTests.debug.xcconfig */;
			buildSettings = {
				ALWAYS_EMBED_SWIFT_STANDARD_LIBRARIES = YES;
				BUNDLE_LOADER = "$(TEST_HOST)";
				CODE_SIGN_STYLE = Automatic;
				CURRENT_PROJECT_VERSION = 1;
				DEVELOPMENT_TEAM = 94VCVFPVC9;
				GENERATE_INFOPLIST_FILE = YES;
				IPHONEOS_DEPLOYMENT_TARGET = 15.2;
				MARKETING_VERSION = 1.0;
				PRODUCT_BUNDLE_IDENTIFIER = com.moviecatalogue.MovieCatalogueTests;
				PRODUCT_NAME = "$(TARGET_NAME)";
				SWIFT_EMIT_LOC_STRINGS = NO;
				SWIFT_VERSION = 5.0;
				TARGETED_DEVICE_FAMILY = "1,2";
				TEST_HOST = "$(BUILT_PRODUCTS_DIR)/MovieCatalogue.app/MovieCatalogue";
			};
			name = Debug;
		};
		18C645FE295B203C00AE8ED1 /* Release */ = {
			isa = XCBuildConfiguration;
			baseConfigurationReference = 37EB9DD050FFE1EFCF452D67 /* Pods-MovieCatalogueTests.release.xcconfig */;
			buildSettings = {
				ALWAYS_EMBED_SWIFT_STANDARD_LIBRARIES = YES;
				BUNDLE_LOADER = "$(TEST_HOST)";
				CODE_SIGN_STYLE = Automatic;
				CURRENT_PROJECT_VERSION = 1;
				DEVELOPMENT_TEAM = 94VCVFPVC9;
				GENERATE_INFOPLIST_FILE = YES;
				IPHONEOS_DEPLOYMENT_TARGET = 15.2;
				MARKETING_VERSION = 1.0;
				PRODUCT_BUNDLE_IDENTIFIER = com.moviecatalogue.MovieCatalogueTests;
				PRODUCT_NAME = "$(TARGET_NAME)";
				SWIFT_EMIT_LOC_STRINGS = NO;
				SWIFT_VERSION = 5.0;
				TARGETED_DEVICE_FAMILY = "1,2";
				TEST_HOST = "$(BUILT_PRODUCTS_DIR)/MovieCatalogue.app/MovieCatalogue";
			};
			name = Release;
		};
		18C64600295B203C00AE8ED1 /* Debug */ = {
			isa = XCBuildConfiguration;
			baseConfigurationReference = A317544306696ED0858B2DB2 /* Pods-MovieCatalogue-MovieCatalogueUITests.debug.xcconfig */;
			buildSettings = {
				ALWAYS_EMBED_SWIFT_STANDARD_LIBRARIES = YES;
				CODE_SIGN_STYLE = Automatic;
				CURRENT_PROJECT_VERSION = 1;
				DEVELOPMENT_TEAM = 94VCVFPVC9;
				GENERATE_INFOPLIST_FILE = YES;
				MARKETING_VERSION = 1.0;
				PRODUCT_BUNDLE_IDENTIFIER = com.moviecatalogue.MovieCatalogueUITests;
				PRODUCT_NAME = "$(TARGET_NAME)";
				SWIFT_EMIT_LOC_STRINGS = NO;
				SWIFT_VERSION = 5.0;
				TARGETED_DEVICE_FAMILY = "1,2";
				TEST_TARGET_NAME = MovieCatalogue;
			};
			name = Debug;
		};
		18C64601295B203C00AE8ED1 /* Release */ = {
			isa = XCBuildConfiguration;
			baseConfigurationReference = DE85E9ABB0C796C498A1247D /* Pods-MovieCatalogue-MovieCatalogueUITests.release.xcconfig */;
			buildSettings = {
				ALWAYS_EMBED_SWIFT_STANDARD_LIBRARIES = YES;
				CODE_SIGN_STYLE = Automatic;
				CURRENT_PROJECT_VERSION = 1;
				DEVELOPMENT_TEAM = 94VCVFPVC9;
				GENERATE_INFOPLIST_FILE = YES;
				MARKETING_VERSION = 1.0;
				PRODUCT_BUNDLE_IDENTIFIER = com.moviecatalogue.MovieCatalogueUITests;
				PRODUCT_NAME = "$(TARGET_NAME)";
				SWIFT_EMIT_LOC_STRINGS = NO;
				SWIFT_VERSION = 5.0;
				TARGETED_DEVICE_FAMILY = "1,2";
				TEST_TARGET_NAME = MovieCatalogue;
			};
			name = Release;
		};
/* End XCBuildConfiguration section */

/* Begin XCConfigurationList section */
		18C645C7295B203400AE8ED1 /* Build configuration list for PBXProject "MovieCatalogue" */ = {
			isa = XCConfigurationList;
			buildConfigurations = (
				18C645F7295B203C00AE8ED1 /* Debug */,
				18C645F8295B203C00AE8ED1 /* Release */,
			);
			defaultConfigurationIsVisible = 0;
			defaultConfigurationName = Release;
		};
		18C645F9295B203C00AE8ED1 /* Build configuration list for PBXNativeTarget "MovieCatalogue" */ = {
			isa = XCConfigurationList;
			buildConfigurations = (
				18C645FA295B203C00AE8ED1 /* Debug */,
				18C645FB295B203C00AE8ED1 /* Release */,
			);
			defaultConfigurationIsVisible = 0;
			defaultConfigurationName = Release;
		};
		18C645FC295B203C00AE8ED1 /* Build configuration list for PBXNativeTarget "MovieCatalogueTests" */ = {
			isa = XCConfigurationList;
			buildConfigurations = (
				18C645FD295B203C00AE8ED1 /* Debug */,
				18C645FE295B203C00AE8ED1 /* Release */,
			);
			defaultConfigurationIsVisible = 0;
			defaultConfigurationName = Release;
		};
		18C645FF295B203C00AE8ED1 /* Build configuration list for PBXNativeTarget "MovieCatalogueUITests" */ = {
			isa = XCConfigurationList;
			buildConfigurations = (
				18C64600295B203C00AE8ED1 /* Debug */,
				18C64601295B203C00AE8ED1 /* Release */,
			);
			defaultConfigurationIsVisible = 0;
			defaultConfigurationName = Release;
		};
/* End XCConfigurationList section */

/* Begin XCVersionGroup section */
		18C645D8295B203400AE8ED1 /* MovieCatalogue.xcdatamodeld */ = {
			isa = XCVersionGroup;
			children = (
				18C645D9295B203400AE8ED1 /* MovieCatalogue.xcdatamodel */,
			);
			currentVersion = 18C645D9295B203400AE8ED1 /* MovieCatalogue.xcdatamodel */;
			path = MovieCatalogue.xcdatamodeld;
			sourceTree = "<group>";
			versionGroupType = wrapper.xcdatamodel;
		};
/* End XCVersionGroup section */
	};
	rootObject = 18C645C4295B203400AE8ED1 /* Project object */;
}
